[root]
name = "tasks"
version = "0.0.1"
dependencies = [
 "lazy_static 0.1.10 (registry+https://github.com/rust-lang/crates.io-index)",
 "threadpool 0.1.4 (registry+https://github.com/rust-lang/crates.io-index)",
]

[[package]]
name = "lazy_static"
version = "0.1.10"
source = "registry+https://github.com/rust-lang/crates.io-index"

[[package]]
name = "threadpool"
version = "0.1.4"
source = "registry+https://github.com/rust-lang/crates.io-index"

